
Microsoft Visual Studio Solution File, Format Version 12.00
# Visual Studio 15
VisualStudioVersion = 15.0.27004.2009
MinimumVisualStudioVersion = 10.0.40219.1
Project("{FAE04EC0-301F-11D3-BF4B-00C04F79EFBC}") = "MyGitHubApplication_20171231", "MyGitHubApplication_20171231\MyGitHubApplication_20171231.csproj", "{00B67DC8-053E-4843-9B55-A0A128BF9859}"
EndProject
Global
	GlobalSection(SolutionConfigurationPlatforms) = preSolution
		Debug|Any CPU = Debug|Any CPU
		Release|Any CPU = Release|Any CPU
	EndGlobalSection
	GlobalSection(ProjectConfigurationPlatforms) = postSolution
		{00B67DC8-053E-4843-9B55-A0A128BF9859}.Debug|Any CPU.ActiveCfg = Debug|Any CPU
		{00B67DC8-053E-4843-9B55-A0A128BF9859}.Debug|Any CPU.Build.0 = Debug|Any CPU
		{00B67DC8-053E-4843-9B55-A0A128BF9859}.Release|Any CPU.ActiveCfg = Release|Any CPU
		{00B67DC8-053E-4843-9B55-A0A128BF9859}.Release|Any CPU.Build.0 = Release|Any CPU
	EndGlobalSection
	GlobalSection(SolutionProperties) = preSolution
		HideSolutionNode = FALSE
	EndGlobalSection
	GlobalSection(ExtensibilityGlobals) = postSolution
		SolutionGuid = {1858E45D-5A49-4CCF-8F3C-E9BD62D1C8D9}
	EndGlobalSection
EndGlobal
